// !$*UTF8*$!
{
	archiveVersion = 1;
	classes = {
	};
	objectVersion = 46;
	objects = {

/* Begin PBXBuildFile section */
		187235A51ED16D5300EFC81D /* AppDelegate.swift in Sources */ = {isa = PBXBuildFile; fileRef = 187235A41ED16D5300EFC81D /* AppDelegate.swift */; };
		187235A71ED16D5300EFC81D /* ViewController.swift in Sources */ = {isa = PBXBuildFile; fileRef = 187235A61ED16D5300EFC81D /* ViewController.swift */; };
		187235AA1ED16D5300EFC81D /* Main.storyboard in Resources */ = {isa = PBXBuildFile; fileRef = 187235A81ED16D5300EFC81D /* Main.storyboard */; };
		187235AC1ED16D5300EFC81D /* Assets.xcassets in Resources */ = {isa = PBXBuildFile; fileRef = 187235AB1ED16D5300EFC81D /* Assets.xcassets */; };
		187235AF1ED16D5300EFC81D /* LaunchScreen.storyboard in Resources */ = {isa = PBXBuildFile; fileRef = 187235AD1ED16D5300EFC81D /* LaunchScreen.storyboard */; };
/* End PBXBuildFile section */

/* Begin PBXFileReference section */
		187235A11ED16D5300EFC81D /* ImagePerformanceOptimization.app */ = {isa = PBXFileReference; explicitFileType = wrapper.application; includeInIndex = 0; path = ImagePerformanceOptimization.app; sourceTree = BUILT_PRODUCTS_DIR; };
		187235A41ED16D5300EFC81D /* AppDelegate.swift */ = {isa = PBXFileReference; lastKnownFileType = sourcecode.swift; path = AppDelegate.swift; sourceTree = "<group>"; };
		187235A61ED16D5300EFC81D /* ViewController.swift */ = {isa = PBXFileReference; lastKnownFileType = sourcecode.swift; path = ViewController.swift; sourceTree = "<group>"; };
		187235A91ED16D5300EFC81D /* Base */ = {isa = PBXFileReference; lastKnownFileType = file.storyboard; name = Base; path = Base.lproj/Main.storyboard; sourceTree = "<group>"; };
		187235AB1ED16D5300EFC81D /* Assets.xcassets */ = {isa = PBXFileReference; lastKnownFileType = folder.assetcatalog; path = Assets.xcassets; sourceTree = "<group>"; };
		187235AE1ED16D5300EFC81D /* Base */ = {isa = PBXFileReference; lastKnownFileType = file.storyboard; name = Base; path = Base.lproj/LaunchScreen.storyboard; sourceTree = "<group>"; };
		187235B01ED16D5300EFC81D /* Info.plist */ = {isa = PBXFileReference; lastKnownFileType = text.plist.xml; path = Info.plist; sourceTree = "<group>"; };
/* End PBXFileReference section */

/* Begin PBXFrameworksBuildPhase section */
		1872359E1ED16D5300EFC81D /* Frameworks */ = {
			isa = PBXFrameworksBuildPhase;
			buildActionMask = 2147483647;
			files = (
			);
			runOnlyForDeploymentPostprocessing = 0;
		};
/* End PBXFrameworksBuildPhase section */

/* Begin PBXGroup section */
		187235981ED16D5300EFC81D = {
			isa = PBXGroup;
			children = (
				187235A31ED16D5300EFC81D /* ImagePerformanceOptimization */,
				187235A21ED16D5300EFC81D /* Products */,
			);
			sourceTree = "<group>";
		};
		187235A21ED16D5300EFC81D /* Products */ = {
			isa = PBXGroup;
			children = (
				187235A11ED16D5300EFC81D /* ImagePerformanceOptimization.app */,
			);
			name = Products;
			sourceTree = "<group>";
		};
		187235A31ED16D5300EFC81D /* ImagePerformanceOptimization */ = {
			isa = PBXGroup;
			children = (
				187235A41ED16D5300EFC81D /* AppDelegate.swift */,
				187235A61ED16D5300EFC81D /* ViewController.swift */,
				187235A81ED16D5300EFC81D /* Main.storyboard */,
				187235AB1ED16D5300EFC81D /* Assets.xcassets */,
				187235AD1ED16D5300EFC81D /* LaunchScreen.storyboard */,
				187235B01ED16D5300EFC81D /* Info.plist */,
			);
			path = ImagePerformanceOptimization;
			sourceTree = "<group>";
		};
/* End PBXGroup section */

/* Begin PBXNativeTarget section */
		187235A01ED16D5300EFC81D /* ImagePerformanceOptimization */ = {
			isa = PBXNativeTarget;
			buildConfigurationList = 187235B31ED16D5300EFC81D /* Build configuration list for PBXNativeTarget "ImagePerformanceOptimization" */;
			buildPhases = (
				1872359D1ED16D5300EFC81D /* Sources */,
				1872359E1ED16D5300EFC81D /* Frameworks */,
				1872359F1ED16D5300EFC81D /* Resources */,
			);
			buildRules = (
			);
			dependencies = (
			);
			name = ImagePerformanceOptimization;
			productName = ImagePerformanceOptimization;
			productReference = 187235A11ED16D5300EFC81D /* ImagePerformanceOptimization.app */;
			productType = "com.apple.product-type.application";
		};
/* End PBXNativeTarget section */

/* Begin PBXProject section */
		187235991ED16D5300EFC81D /* Project object */ = {
			isa = PBXProject;
			attributes = {
				LastSwiftUpdateCheck = 0830;
				LastUpgradeCheck = 0830;
				ORGANIZATIONNAME = "王红庆";
				TargetAttributes = {
					187235A01ED16D5300EFC81D = {
						CreatedOnToolsVersion = 8.3.2;
						ProvisioningStyle = Automatic;
					};
				};
			};
			buildConfigurationList = 1872359C1ED16D5300EFC81D /* Build configuration list for PBXProject "ImagePerformanceOptimization" */;
			compatibilityVersion = "Xcode 3.2";
			developmentRegion = English;
			hasScannedForEncodings = 0;
			knownRegions = (
				en,
				Base,
			);
			mainGroup = 187235981ED16D5300EFC81D;
			productRefGroup = 187235A21ED16D5300EFC81D /* Products */;
			projectDirPath = "";
			projectRoot = "";
			targets = (
				187235A01ED16D5300EFC81D /* ImagePerformanceOptimization */,
			);
		};
/* End PBXProject section */

/* Begin PBXResourcesBuildPhase section */
		1872359F1ED16D5300EFC81D /* Resources */ = {
			isa = PBXResourcesBuildPhase;
			buildActionMask = 2147483647;
			files = (
				187235AF1ED16D5300EFC81D /* LaunchScreen.storyboard in Resources */,
				187235AC1ED16D5300EFC81D /* Assets.xcassets in Resources */,
				187235AA1ED16D5300EFC81D /* Main.storyboard in Resources */,
			);
			runOnlyForDeploymentPostprocessing = 0;
		};
/* End PBXResourcesBuildPhase section */

/* Begin PBXSourcesBuildPhase section */
		1872359D1ED16D5300EFC81D /* Sources */ = {
			isa = PBXSourcesBuildPhase;
			buildActionMask = 2147483647;
			files = (
				187235A71ED16D5300EFC81D /* ViewController.swift in Sources */,
				187235A51ED16D5300EFC81D /* AppDelegate.swift in Sources */,
			);
			runOnlyForDeploymentPostprocessing = 0;
		};
/* End PBXSourcesBuildPhase section */

/* Begin PBXVariantGroup section */
		187235A81ED16D5300EFC81D /* Main.storyboard */ = {
			isa = PBXVariantGroup;
			children = (
				187235A91ED16D5300EFC81D /* Base */,
			);
			name = Main.storyboard;
			sourceTree = "<group>";
		};
		187235AD1ED16D5300EFC81D /* LaunchScreen.storyboard */ = {
			isa = PBXVariantGroup;
			children = (
				187235AE1ED16D5300EFC81D /* Base */,
			);
			name = LaunchScreen.storyboard;
			sourceTree = "<group>";
		};
/* End PBXVariantGroup section */

/* Begin XCBuildConfiguration section */
		187235B11ED16D5300EFC81D /* Debug */ = {
			isa = XCBuildConfiguration;
			buildSettings = {
				ALWAYS_SEARCH_USER_PATHS = NO;
				CLANG_ANALYZER_NONNULL = YES;
				CLANG_ANALYZER_NUMBER_OBJECT_CONVERSION = YES_AGGRESSIVE;
				CLANG_CXX_LANGUAGE_STANDARD = "gnu++0x";
				CLANG_CXX_LIBRARY = "libc++";
				CLANG_ENABLE_MODULES = YES;
				CLANG_ENABLE_OBJC_ARC = YES;
				CLANG_WARN_BOOL_CONVERSION = YES;
				CLANG_WARN_CONSTANT_CONVERSION = YES;
				CLANG_WARN_DIRECT_OBJC_ISA_USAGE = YES_ERROR;
				CLANG_WARN_DOCUMENTATION_COMMENTS = YES;
				CLANG_WARN_EMPTY_BODY = YES;
				CLANG_WARN_ENUM_CONVERSION = YES;
				CLANG_WARN_INFINITE_RECURSION = YES;
				CLANG_WARN_INT_CONVERSION = YES;
				CLANG_WARN_OBJC_ROOT_CLASS = YES_ERROR;
				CLANG_WARN_SUSPICIOUS_MOVE = YES;
				CLANG_WARN_UNREACHABLE_CODE = YES;
				CLANG_WARN__DUPLICATE_METHOD_MATCH = YES;
				"CODE_SIGN_IDENTITY[sdk=iphoneos*]" = "iPhone Developer";
				COPY_PHASE_STRIP = NO;
				DEBUG_INFORMATION_FORMAT = dwarf;
				ENABLE_STRICT_OBJC_MSGSEND = YES;
				ENABLE_TESTABILITY = YES;
				GCC_C_LANGUAGE_STANDARD = gnu99;
				GCC_DYNAMIC_NO_PIC = NO;
				GCC_NO_COMMON_BLOCKS = YES;
				GCC_OPTIMIZATION_LEVEL = 0;
				GCC_PREPROCESSOR_DEFINITIONS = (
					"DEBUG=1",
					"$(inherited)",
				);
				GCC_WARN_64_TO_32_BIT_CONVERSION = YES;
				GCC_WARN_ABOUT_RETURN_TYPE = YES_ERROR;
				GCC_WARN_UNDECLARED_SELECTOR = YES;
				GCC_WARN_UNINITIALIZED_AUTOS = YES_AGGRESSIVE;
				GCC_WARN_UNUSED_FUNCTION = YES;
				GCC_WARN_UNUSED_VARIABLE = YES;
				IPHONEOS_DEPLOYMENT_TARGET = 10.3;
				MTL_ENABLE_DEBUG_INFO = YES;
				ONLY_ACTIVE_ARCH = YES;
				SDKROOT = iphoneos;
				SWIFT_ACTIVE_COMPILATION_CONDITIONS = DEBUG;
				SWIFT_OPTIMIZATION_LEVEL = "-Onone";
			};
			name = Debug;
		};
		187235B21ED16D5300EFC81D /* Release */ = {
			isa = XCBuildConfiguration;
			buildSettings = {
				ALWAYS_SEARCH_USER_PATHS = NO;
				CLANG_ANALYZER_NONNULL = YES;
				CLANG_ANALYZER_NUMBER_OBJECT_CONVERSION = YES_AGGRESSIVE;
				CLANG_CXX_LANGUAGE_STANDARD = "gnu++0x";
				CLANG_CXX_LIBRARY = "libc++";
				CLANG_ENABLE_MODULES = YES;
				CLANG_ENABLE_OBJC_ARC = YES;
				CLANG_WARN_BOOL_CONVERSION = YES;
				CLANG_WARN_CONSTANT_CONVERSION = YES;
				CLANG_WARN_DIRECT_OBJC_ISA_USAGE = YES_ERROR;
				CLANG_WARN_DOCUMENTATION_COMMENTS = YES;
				CLANG_WARN_EMPTY_BODY = YES;
				CLANG_WARN_ENUM_CONVERSION = YES;
				CLANG_WARN_INFINITE_RECURSION = YES;
				CLANG_WARN_INT_CONVERSION = YES;
				CLANG_WARN_OBJC_ROOT_CLASS = YES_ERROR;
				CLANG_WARN_SUSPICIOUS_MOVE = YES;
				CLANG_WARN_UNREACHABLE_CODE = YES;
				CLANG_WARN__DUPLICATE_METHOD_MATCH = YES;
				"CODE_SIGN_IDENTITY[sdk=iphoneos*]" = "iPhone Developer";
				COPY_PHASE_STRIP = NO;
				DEBUG_INFORMATION_FORMAT = "dwarf-with-dsym";
				ENABLE_NS_ASSERTIONS = NO;
				ENABLE_STRICT_OBJC_MSGSEND = YES;
				GCC_C_LANGUAGE_STANDARD = gnu99;
				GCC_NO_COMMON_BLOCKS = YES;
				GCC_WARN_64_TO_32_BIT_CONVERSION = YES;
				GCC_WARN_ABOUT_RETURN_TYPE = YES_ERROR;
				GCC_WARN_UNDECLARED_SELECTOR = YES;
				GCC_WARN_UNINITIALIZED_AUTOS = YES_AGGRESSIVE;
				GCC_WARN_UNUSED_FUNCTION = YES;
				GCC_WARN_UNUSED_VARIABLE = YES;
				IPHONEOS_DEPLOYMENT_TARGET = 10.3;
				MTL_ENABLE_DEBUG_INFO = NO;
				SDKROOT = iphoneos;
				SWIFT_OPTIMIZATION_LEVEL = "-Owholemodule";
				VALIDATE_PRODUCT = YES;
			};
			name = Release;
		};
		187235B41ED16D5300EFC81D /* Debug */ = {
			isa = XCBuildConfiguration;
			buildSettings = {
				ASSETCATALOG_COMPILER_APPICON_NAME = AppIcon;
				INFOPLIST_FILE = ImagePerformanceOptimization/Info.plist;
				LD_RUNPATH_SEARCH_PATHS = "$(inherited) @executable_path/Frameworks";
				PRODUCT_BUNDLE_IDENTIFIER = com.HNAGroup.Unicare.ImagePerformanceOptimization;
				PRODUCT_NAME = "$(TARGET_NAME)";
				SWIFT_VERSION = 3.0;
			};
			name = Debug;
		};
		187235B51ED16D5300EFC81D /* Release */ = {
			isa = XCBuildConfiguration;
			buildSettings = {
				ASSETCATALOG_COMPILER_APPICON_NAME = AppIcon;
				INFOPLIST_FILE = ImagePerformanceOptimization/Info.plist;
				LD_RUNPATH_SEARCH_PATHS = "$(inherited) @executable_path/Frameworks";
				PRODUCT_BUNDLE_IDENTIFIER = com.HNAGroup.Unicare.ImagePerformanceOptimization;
				PRODUCT_NAME = "$(TARGET_NAME)";
				SWIFT_VERSION = 3.0;
			};
			name = Release;
		};
/* End XCBuildConfiguration section */

/* Begin XCConfigurationList section */
		1872359C1ED16D5300EFC81D /* Build configuration list for PBXProject "ImagePerformanceOptimization" */ = {
			isa = XCConfigurationList;
			buildConfigurations = (
				187235B11ED16D5300EFC81D /* Debug */,
				187235B21ED16D5300EFC81D /* Release */,
			);
			defaultConfigurationIsVisible = 0;
			defaultConfigurationName = Release;
		};
		187235B31ED16D5300EFC81D /* Build configuration list for PBXNativeTarget "ImagePerformanceOptimization" */ = {
			isa = XCConfigurationList;
			buildConfigurations = (
				187235B41ED16D5300EFC81D /* Debug */,
				187235B51ED16D5300EFC81D /* Release */,
			);
			defaultConfigurationIsVisible = 0;
		};
/* End XCConfigurationList section */
	};
	rootObject = 187235991ED16D5300EFC81D /* Project object */;
}
